// !$*UTF8*$!
{
	archiveVersion = 1;
	classes = {
	};
	objectVersion = 46;
	objects = {

/* Begin PBXBuildFile section */
		8348420E1C20AF2A004F0C5A /* AppDelegate.swift in Sources */ = {isa = PBXBuildFile; fileRef = 8348420D1C20AF2A004F0C5A /* AppDelegate.swift */; };
		834842101C20AF2A004F0C5A /* ViewController.swift in Sources */ = {isa = PBXBuildFile; fileRef = 8348420F1C20AF2A004F0C5A /* ViewController.swift */; };
		834842131C20AF2A004F0C5A /* Main.storyboard in Resources */ = {isa = PBXBuildFile; fileRef = 834842111C20AF2A004F0C5A /* Main.storyboard */; };
		834842151C20AF2A004F0C5A /* Assets.xcassets in Resources */ = {isa = PBXBuildFile; fileRef = 834842141C20AF2A004F0C5A /* Assets.xcassets */; };
		834842181C20AF2A004F0C5A /* LaunchScreen.storyboard in Resources */ = {isa = PBXBuildFile; fileRef = 834842161C20AF2A004F0C5A /* LaunchScreen.storyboard */; };
		834842211C20AF63004F0C5A /* collectPrintfs.c in Sources */ = {isa = PBXBuildFile; fileRef = 834842201C20AF63004F0C5A /* collectPrintfs.c */; };
		83824FC81C2141B8005A285F /* CStringArray.swift in Sources */ = {isa = PBXBuildFile; fileRef = 83824FC71C2141B8005A285F /* CStringArray.swift */; };
/* End PBXBuildFile section */

/* Begin PBXFileReference section */
		8348420A1C20AF2A004F0C5A /* collectprintfs.app */ = {isa = PBXFileReference; explicitFileType = wrapper.application; includeInIndex = 0; path = collectprintfs.app; sourceTree = BUILT_PRODUCTS_DIR; };
		8348420D1C20AF2A004F0C5A /* AppDelegate.swift */ = {isa = PBXFileReference; lastKnownFileType = sourcecode.swift; path = AppDelegate.swift; sourceTree = "<group>"; };
		8348420F1C20AF2A004F0C5A /* ViewController.swift */ = {isa = PBXFileReference; lastKnownFileType = sourcecode.swift; path = ViewController.swift; sourceTree = "<group>"; };
		834842121C20AF2A004F0C5A /* Base */ = {isa = PBXFileReference; lastKnownFileType = file.storyboard; name = Base; path = Base.lproj/Main.storyboard; sourceTree = "<group>"; };
		834842141C20AF2A004F0C5A /* Assets.xcassets */ = {isa = PBXFileReference; lastKnownFileType = folder.assetcatalog; path = Assets.xcassets; sourceTree = "<group>"; };
		834842171C20AF2A004F0C5A /* Base */ = {isa = PBXFileReference; lastKnownFileType = file.storyboard; name = Base; path = Base.lproj/LaunchScreen.storyboard; sourceTree = "<group>"; };
		834842191C20AF2A004F0C5A /* Info.plist */ = {isa = PBXFileReference; lastKnownFileType = text.plist.xml; path = Info.plist; sourceTree = "<group>"; };
		8348421F1C20AF63004F0C5A /* collectprintfs-Bridging-Header.h */ = {isa = PBXFileReference; lastKnownFileType = sourcecode.c.h; path = "collectprintfs-Bridging-Header.h"; sourceTree = "<group>"; };
		834842201C20AF63004F0C5A /* collectPrintfs.c */ = {isa = PBXFileReference; fileEncoding = 4; lastKnownFileType = sourcecode.c.c; path = collectPrintfs.c; sourceTree = "<group>"; };
		83824FC71C2141B8005A285F /* CStringArray.swift */ = {isa = PBXFileReference; fileEncoding = 4; lastKnownFileType = sourcecode.swift; path = CStringArray.swift; sourceTree = "<group>"; };
/* End PBXFileReference section */

/* Begin PBXFrameworksBuildPhase section */
		834842071C20AF2A004F0C5A /* Frameworks */ = {
			isa = PBXFrameworksBuildPhase;
			buildActionMask = 2147483647;
			files = (
			);
			runOnlyForDeploymentPostprocessing = 0;
		};
/* End PBXFrameworksBuildPhase section */

/* Begin PBXGroup section */
		834842011C20AF2A004F0C5A = {
			isa = PBXGroup;
			children = (
				834842201C20AF63004F0C5A /* collectPrintfs.c */,
				83824FC71C2141B8005A285F /* CStringArray.swift */,
				8348420C1C20AF2A004F0C5A /* collectprintfs */,
				8348420B1C20AF2A004F0C5A /* Products */,
				8348421F1C20AF63004F0C5A /* collectprintfs-Bridging-Header.h */,
			);
			sourceTree = "<group>";
		};
		8348420B1C20AF2A004F0C5A /* Products */ = {
			isa = PBXGroup;
			children = (
				8348420A1C20AF2A004F0C5A /* collectprintfs.app */,
			);
			name = Products;
			sourceTree = "<group>";
		};
		8348420C1C20AF2A004F0C5A /* collectprintfs */ = {
			isa = PBXGroup;
			children = (
				8348420D1C20AF2A004F0C5A /* AppDelegate.swift */,
				8348420F1C20AF2A004F0C5A /* ViewController.swift */,
				834842111C20AF2A004F0C5A /* Main.storyboard */,
				834842141C20AF2A004F0C5A /* Assets.xcassets */,
				834842161C20AF2A004F0C5A /* LaunchScreen.storyboard */,
				834842191C20AF2A004F0C5A /* Info.plist */,
			);
			path = collectprintfs;
			sourceTree = "<group>";
		};
/* End PBXGroup section */

/* Begin PBXNativeTarget section */
		834842091C20AF2A004F0C5A /* collectprintfs */ = {
			isa = PBXNativeTarget;
			buildConfigurationList = 8348421C1C20AF2A004F0C5A /* Build configuration list for PBXNativeTarget "collectprintfs" */;
			buildPhases = (
				834842061C20AF2A004F0C5A /* Sources */,
				834842071C20AF2A004F0C5A /* Frameworks */,
				834842081C20AF2A004F0C5A /* Resources */,
			);
			buildRules = (
			);
			dependencies = (
			);
			name = collectprintfs;
			productName = collectprintfs;
			productReference = 8348420A1C20AF2A004F0C5A /* collectprintfs.app */;
			productType = "com.apple.product-type.application";
		};
/* End PBXNativeTarget section */

/* Begin PBXProject section */
		834842021C20AF2A004F0C5A /* Project object */ = {
			isa = PBXProject;
			attributes = {
				LastSwiftUpdateCheck = 0720;
				LastUpgradeCheck = 0720;
				ORGANIZATIONNAME = thgr;
				TargetAttributes = {
					834842091C20AF2A004F0C5A = {
						CreatedOnToolsVersion = 7.2;
					};
				};
			};
			buildConfigurationList = 834842051C20AF2A004F0C5A /* Build configuration list for PBXProject "collectprintfs" */;
			compatibilityVersion = "Xcode 3.2";
			developmentRegion = English;
			hasScannedForEncodings = 0;
			knownRegions = (
				en,
				Base,
			);
			mainGroup = 834842011C20AF2A004F0C5A;
			productRefGroup = 8348420B1C20AF2A004F0C5A /* Products */;
			projectDirPath = "";
			projectRoot = "";
			targets = (
				834842091C20AF2A004F0C5A /* collectprintfs */,
			);
		};
/* End PBXProject section */

/* Begin PBXResourcesBuildPhase section */
		834842081C20AF2A004F0C5A /* Resources */ = {
			isa = PBXResourcesBuildPhase;
			buildActionMask = 2147483647;
			files = (
				834842181C20AF2A004F0C5A /* LaunchScreen.storyboard in Resources */,
				834842151C20AF2A004F0C5A /* Assets.xcassets in Resources */,
				834842131C20AF2A004F0C5A /* Main.storyboard in Resources */,
			);
			runOnlyForDeploymentPostprocessing = 0;
		};
/* End PBXResourcesBuildPhase section */

/* Begin PBXSourcesBuildPhase section */
		834842061C20AF2A004F0C5A /* Sources */ = {
			isa = PBXSourcesBuildPhase;
			buildActionMask = 2147483647;
			files = (
				834842101C20AF2A004F0C5A /* ViewController.swift in Sources */,
				834842211C20AF63004F0C5A /* collectPrintfs.c in Sources */,
				83824FC81C2141B8005A285F /* CStringArray.swift in Sources */,
				8348420E1C20AF2A004F0C5A /* AppDelegate.swift in Sources */,
			);
			runOnlyForDeploymentPostprocessing = 0;
		};
/* End PBXSourcesBuildPhase section */

/* Begin PBXVariantGroup section */
		834842111C20AF2A004F0C5A /* Main.storyboard */ = {
			isa = PBXVariantGroup;
			children = (
				834842121C20AF2A004F0C5A /* Base */,
			);
			name = Main.storyboard;
			sourceTree = "<group>";
		};
		834842161C20AF2A004F0C5A /* LaunchScreen.storyboard */ = {
			isa = PBXVariantGroup;
			children = (
				834842171C20AF2A004F0C5A /* Base */,
			);
			name = LaunchScreen.storyboard;
			sourceTree = "<group>";
		};
/* End PBXVariantGroup section */

/* Begin XCBuildConfiguration section */
		8348421A1C20AF2A004F0C5A /* Debug */ = {
			isa = XCBuildConfiguration;
			buildSettings = {
				ALWAYS_SEARCH_USER_PATHS = NO;
				CLANG_CXX_LANGUAGE_STANDARD = "gnu++0x";
				CLANG_CXX_LIBRARY = "libc++";
				CLANG_ENABLE_MODULES = YES;
				CLANG_ENABLE_OBJC_ARC = YES;
				CLANG_WARN_BOOL_CONVERSION = YES;
				CLANG_WARN_CONSTANT_CONVERSION = YES;
				CLANG_WARN_DIRECT_OBJC_ISA_USAGE = YES_ERROR;
				CLANG_WARN_EMPTY_BODY = YES;
				CLANG_WARN_ENUM_CONVERSION = YES;
				CLANG_WARN_INT_CONVERSION = YES;
				CLANG_WARN_OBJC_ROOT_CLASS = YES_ERROR;
				CLANG_WARN_UNREACHABLE_CODE = YES;
				CLANG_WARN__DUPLICATE_METHOD_MATCH = YES;
				"CODE_SIGN_IDENTITY[sdk=iphoneos*]" = "iPhone Developer";
				COPY_PHASE_STRIP = NO;
				DEBUG_INFORMATION_FORMAT = dwarf;
				ENABLE_STRICT_OBJC_MSGSEND = YES;
				ENABLE_TESTABILITY = YES;
				GCC_C_LANGUAGE_STANDARD = gnu99;
				GCC_DYNAMIC_NO_PIC = NO;
				GCC_NO_COMMON_BLOCKS = YES;
				GCC_OPTIMIZATION_LEVEL = 0;
				GCC_PREPROCESSOR_DEFINITIONS = (
					"DEBUG=1",
					"$(inherited)",
				);
				GCC_WARN_64_TO_32_BIT_CONVERSION = YES;
				GCC_WARN_ABOUT_RETURN_TYPE = YES_ERROR;
				GCC_WARN_UNDECLARED_SELECTOR = YES;
				GCC_WARN_UNINITIALIZED_AUTOS = YES_AGGRESSIVE;
				GCC_WARN_UNUSED_FUNCTION = YES;
				GCC_WARN_UNUSED_VARIABLE = YES;
				IPHONEOS_DEPLOYMENT_TARGET = 9.2;
				MTL_ENABLE_DEBUG_INFO = YES;
				ONLY_ACTIVE_ARCH = YES;
				SDKROOT = iphoneos;
				SWIFT_OPTIMIZATION_LEVEL = "-Onone";
				TARGETED_DEVICE_FAMILY = "1,2";
			};
			name = Debug;
		};
		8348421B1C20AF2A004F0C5A /* Release */ = {
			isa = XCBuildConfiguration;
			buildSettings = {
				ALWAYS_SEARCH_USER_PATHS = NO;
				CLANG_CXX_LANGUAGE_STANDARD = "gnu++0x";
				CLANG_CXX_LIBRARY = "libc++";
				CLANG_ENABLE_MODULES = YES;
				CLANG_ENABLE_OBJC_ARC = YES;
				CLANG_WARN_BOOL_CONVERSION = YES;
				CLANG_WARN_CONSTANT_CONVERSION = YES;
				CLANG_WARN_DIRECT_OBJC_ISA_USAGE = YES_ERROR;
				CLANG_WARN_EMPTY_BODY = YES;
				CLANG_WARN_ENUM_CONVERSION = YES;
				CLANG_WARN_INT_CONVERSION = YES;
				CLANG_WARN_OBJC_ROOT_CLASS = YES_ERROR;
				CLANG_WARN_UNREACHABLE_CODE = YES;
				CLANG_WARN__DUPLICATE_METHOD_MATCH = YES;
				"CODE_SIGN_IDENTITY[sdk=iphoneos*]" = "iPhone Developer";
				COPY_PHASE_STRIP = NO;
				DEBUG_INFORMATION_FORMAT = "dwarf-with-dsym";
				ENABLE_NS_ASSERTIONS = NO;
				ENABLE_STRICT_OBJC_MSGSEND = YES;
				GCC_C_LANGUAGE_STANDARD = gnu99;
				GCC_NO_COMMON_BLOCKS = YES;
				GCC_WARN_64_TO_32_BIT_CONVERSION = YES;
				GCC_WARN_ABOUT_RETURN_TYPE = YES_ERROR;
				GCC_WARN_UNDECLARED_SELECTOR = YES;
				GCC_WARN_UNINITIALIZED_AUTOS = YES_AGGRESSIVE;
				GCC_WARN_UNUSED_FUNCTION = YES;
				GCC_WARN_UNUSED_VARIABLE = YES;
				IPHONEOS_DEPLOYMENT_TARGET = 9.2;
				MTL_ENABLE_DEBUG_INFO = NO;
				SDKROOT = iphoneos;
				TARGETED_DEVICE_FAMILY = "1,2";
				VALIDATE_PRODUCT = YES;
			};
			name = Release;
		};
		8348421D1C20AF2A004F0C5A /* Debug */ = {
			isa = XCBuildConfiguration;
			buildSettings = {
				ASSETCATALOG_COMPILER_APPICON_NAME = AppIcon;
				CLANG_ENABLE_MODULES = YES;
				INFOPLIST_FILE = collectprintfs/Info.plist;
				LD_RUNPATH_SEARCH_PATHS = "$(inherited) @executable_path/Frameworks";
				PRODUCT_BUNDLE_IDENTIFIER = at.thgr.collectprintfs;
				PRODUCT_NAME = "$(TARGET_NAME)";
				SWIFT_OBJC_BRIDGING_HEADER = "collectprintfs-Bridging-Header.h";
				SWIFT_OPTIMIZATION_LEVEL = "-Onone";
			};
			name = Debug;
		};
		8348421E1C20AF2A004F0C5A /* Release */ = {
			isa = XCBuildConfiguration;
			buildSettings = {
				ASSETCATALOG_COMPILER_APPICON_NAME = AppIcon;
				CLANG_ENABLE_MODULES = YES;
				INFOPLIST_FILE = collectprintfs/Info.plist;
				LD_RUNPATH_SEARCH_PATHS = "$(inherited) @executable_path/Frameworks";
				PRODUCT_BUNDLE_IDENTIFIER = at.thgr.collectprintfs;
				PRODUCT_NAME = "$(TARGET_NAME)";
				SWIFT_OBJC_BRIDGING_HEADER = "collectprintfs-Bridging-Header.h";
			};
			name = Release;
		};
/* End XCBuildConfiguration section */

/* Begin XCConfigurationList section */
		834842051C20AF2A004F0C5A /* Build configuration list for PBXProject "collectprintfs" */ = {
			isa = XCConfigurationList;
			buildConfigurations = (
				8348421A1C20AF2A004F0C5A /* Debug */,
				8348421B1C20AF2A004F0C5A /* Release */,
			);
			defaultConfigurationIsVisible = 0;
			defaultConfigurationName = Release;
		};
		8348421C1C20AF2A004F0C5A /* Build configuration list for PBXNativeTarget "collectprintfs" */ = {
			isa = XCConfigurationList;
			buildConfigurations = (
				8348421D1C20AF2A004F0C5A /* Debug */,
				8348421E1C20AF2A004F0C5A /* Release */,
			);
			defaultConfigurationIsVisible = 0;
			defaultConfigurationName = Release;
		};
/* End XCConfigurationList section */
	};
	rootObject = 834842021C20AF2A004F0C5A /* Project object */;
}
